lockfileVersion: '9.0'

settings:
  autoInstallPeers: true
  excludeLinksFromLockfile: false

importers:

  .:
    dependencies:
      '@microsoft/powerbi-desktop-bridge-cli':
        specifier: 1.0.0
        version: 1.0.0
      '@microsoft/powerbi-report-authoring-cli':
        specifier: 0.4.0
        version: 0.4.0

packages:

  '@microsoft/powerbi-core-visual-schema@0.1.1':
    resolution: {integrity: sha512-B318sRMjJ8Cn2LKzUmcmvl2Oplr4uOsFPh2MJFQV0Y1UzsdvJjt/Rg+mYKZXK3QtztUvu0BsuAlCMmJDihjCfg==}
    engines: {node: '>=20.10.0'}

  '@microsoft/powerbi-desktop-bridge-cli@1.0.0':
    resolution: {integrity: sha512-hDkGzJIrHYucbL7I14MYKS8p4ZE3Vq9kiCJdK9S0uEs+85RZpZc66vjWgZJcOKf600IFpL5p30JiXGzL64jlJw==}
    engines: {node: '>=20'}
    hasBin: true

  '@microsoft/powerbi-report-authoring-cli@0.4.0':
    resolution: {integrity: sha512-B+Fke6TBqCuQTGBBowmQWM0hTjxJQGpjBuFD9/dQUgwlI5jajunWOd59QA1nnEkOS2F0zMFZdtjR46Ji+Qvvzw==}
    engines: {node: '>=20'}
    hasBin: true

  ajv-formats@3.0.1:
    resolution: {integrity: sha512-8iUql50EUR+uUcdRQ3HDqa6EVyo3docL8g5WJ3FNcWmu62IbkGUue/pEyLBW8VGKKucTPgqeks4fIU1DA4yowQ==}
    peerDependencies:
      ajv: ^8.0.0
    peerDependenciesMeta:
      ajv:
        optional: true

  ajv@8.20.0:
    resolution: {integrity: sha512-Thbli+OlOj+iMPYFBVBfJ3OmCAnaSyNn4M1vz9T6Gka5Jt9ba/HIR56joy65tY6kx/FCF5VXNB819Y7/GUrBGA==}

  commander@13.1.0:
    resolution: {integrity: sha512-/rFeCpNJQbhSZjGVwO9RFV3xPqbnERS8MmIQzCtD/zl6gpJuV/bMLuN92oG3F7d8oDEHHRrujSXNUr8fpjntKw==}
    engines: {node: '>=18'}

  es6-promise@3.3.1:
    resolution: {integrity: sha512-SOp9Phqvqn7jtEUxPWdWfWoLmyt2VaJ6MpvP9Comy1MceMXqE6bxvaTu4iaxpYYPzhny28Lc+M87/c2cPK6lDg==}

  fast-deep-equal@3.1.3:
    resolution: {integrity: sha512-f3qQ9oQy9j2AhBe/H9VC91wLmKBCCU/gDOnKNAYG5hswO7BLKj09Hc5HYNz9cGI++xlpDCIgDaitVs03ATR84Q==}

  fast-uri@3.1.8:
    resolution: {integrity: sha512-GZMtZUTNRpOVIECoXwLNZS5xUGE+mVNbTB8h/7Rwh2TFWcBQiPzTgyZi05BF9UMZKkLJv8XBRJTlU7zg8+ZfMg==}

  http-post-message@0.3.0:
    resolution: {integrity: sha512-tfn1ca5RcRKdejbFanY2ydN4pXB+youdgtNz1GSKtWvzbaf63sGQWyRjo5bnqlebTjG85wY0GUADDD0tAVpmkQ==}

  json-schema-traverse@1.0.0:
    resolution: {integrity: sha512-NM8/P9n3XjXhIZn1lLhkFaACTOURQXjWhV4BA/RnOv8xvgqtqpAX9IO4mRQxSx1Rlo4tqzeqb0sOlruaOy3dug==}

  playwright-core@1.63.0:
    resolution: {integrity: sha512-rYCsBF/M5HjUch52bbtVONEFjv6Xu8sm8h72dNlR5bzIE1fvC/bxgspzkjSfU+MweEMmPM8KJebG6nnyxo5mCg==}
    engines: {node: '>=20'}
    hasBin: true

  playwright@1.63.0:
    resolution: {integrity: sha512-+7ziBLidS4NaNCdt57SUDT+wYmmd5fmiQejUic/kb+YsYSCPyOOE9sebzMjNmQrsnNpDJqd4WHvV/8lfKfUDUg==}
    engines: {node: '>=20'}
    hasBin: true

  powerbi-client@2.25.0:
    resolution: {integrity: sha512-h6jMorFGRiptWiuJ8O0ZCavLf3d1IaBdxEFP34YTx830yiUPnOJWGJrUbdY0fnyAPFO3GJz1BhqjkN9Q3CB7hg==}

  powerbi-models@2.2.0:
    resolution: {integrity: sha512-L8HcBLQQP1+y1382jnf6RoC6OtOB25TCdDpEkLTXeg4d2Uku8cUUVG0b8JyZ3j5yATohFBuj8oWstkQoCJJvoA==}

  powerbi-router@0.1.5:
    resolution: {integrity: sha512-DFJCKxwh/DqMZXtHSo6xZl87mbRviZGn4P7Oi2rT0L4HMI4AjnWIrwg0JCSM7ymBzYnNe5UmrsCaf2Upur5RQA==}

  require-from-string@2.0.2:
    resolution: {integrity: sha512-Xf0nWe6RseziFMu+Ap9biiUbmplq6S9/p+7w7YXP/JBHhrUDDUhwa+vANyubuqfZWTveU//DYVGsDG7RKL/vEw==}
    engines: {node: '>=0.10.0'}

  route-recognizer@0.1.11:
    resolution: {integrity: sha512-7JNu5mXQVa39zxmUKyk/bfpeF2WyEC5JKVTJO5HATcoUQpcQsI3eLzhwGU69xeOagQxfOQ+yr2sSv0G8xy+vQA==}

  vscode-jsonrpc@8.2.1:
    resolution: {integrity: sha512-kdjOSJ2lLIn7r1rtrMbbNCHjyMPfRnowdKjBQ+mGq6NAW5QY2bEZC/khaC5OR8svbbjvLEaIXkOq45e2X9BIbQ==}
    engines: {node: '>=14.0.0'}

  window-post-message-proxy@0.3.0:
    resolution: {integrity: sha512-dEpItkLX97djHvWzcbVmyelEPoq2Oglx2y5EYt+mCC0bwKvwbtE3ro3Zsg9heHAUir/3dHUBtV2Rr8DQQjwyPg==}

snapshots:

  '@microsoft/powerbi-core-visual-schema@0.1.1': {}

  '@microsoft/powerbi-desktop-bridge-cli@1.0.0':
    dependencies:
      commander: 13.1.0
      vscode-jsonrpc: 8.2.1

  '@microsoft/powerbi-report-authoring-cli@0.4.0':
    dependencies:
      '@microsoft/powerbi-core-visual-schema': 0.1.1
      '@microsoft/powerbi-desktop-bridge-cli': 1.0.0
      ajv: 8.20.0
      ajv-formats: 3.0.1(ajv@8.20.0)
      commander: 13.1.0
      playwright: 1.63.0
      powerbi-client: 2.25.0

  ajv-formats@3.0.1(ajv@8.20.0):
    optionalDependencies:
      ajv: 8.20.0

  ajv@8.20.0:
    dependencies:
      fast-deep-equal: 3.1.3
      fast-uri: 3.1.8
      json-schema-traverse: 1.0.0
      require-from-string: 2.0.2

  commander@13.1.0: {}

  es6-promise@3.3.1: {}

  fast-deep-equal@3.1.3: {}

  fast-uri@3.1.8: {}

  http-post-message@0.3.0:
    dependencies:
      es6-promise: 3.3.1

  json-schema-traverse@1.0.0: {}

  playwright-core@1.63.0: {}

  playwright@1.63.0:
    dependencies:
      playwright-core: 1.63.0

  powerbi-client@2.25.0:
    dependencies:
      http-post-message: 0.3.0
      powerbi-models: 2.2.0
      powerbi-router: 0.1.5
      window-post-message-proxy: 0.3.0

  powerbi-models@2.2.0: {}

  powerbi-router@0.1.5:
    dependencies:
      es6-promise: 3.3.1
      route-recognizer: 0.1.11

  require-from-string@2.0.2: {}

  route-recognizer@0.1.11: {}

  vscode-jsonrpc@8.2.1: {}

  window-post-message-proxy@0.3.0:
    dependencies:
      es6-promise: 3.3.1
